{
  "version": 4,
  "terraform_version": "0.12.12",
  "serial": 16,
  "lineage": "178eb292-c06a-d0ca-56c1-551846f23e1d",
  "outputs": {},
  "resources": [
    {
      "mode": "managed",
      "type": "aws_iam_group",
      "name": "groups",
      "each": "list",
      "provider": "provider.aws",
      "instances": [
        {
          "index_key": 0,
          "schema_version": 0,
          "attributes": {
            "arn": "arn:aws:iam::779464359308:group/aisec/dev-aisec",
            "id": "dev-aisec",
            "name": "dev-aisec",
            "path": "/aisec/",
            "unique_id": "AGPA3K65SHWGE2XA6MDQF"
          },
          "private": "bnVsbA=="
        },
        {
          "index_key": 1,
          "schema_version": 0,
          "attributes": {
            "arn": "arn:aws:iam::779464359308:group/aisec/infra-aisec",
            "id": "infra-aisec",
            "name": "infra-aisec",
            "path": "/aisec/",
            "unique_id": "AGPA3K65SHWGMZCEZIN7E"
          },
          "private": "bnVsbA=="
        },
        {
          "index_key": 2,
          "schema_version": 0,
          "attributes": {
            "arn": "arn:aws:iam::779464359308:group/aisec/test-aisec",
            "id": "test-aisec",
            "name": "test-aisec",
            "path": "/aisec/",
            "unique_id": "AGPA3K65SHWGBKBLU452J"
          },
          "private": "bnVsbA=="
        }
      ]
    },
    {
      "mode": "managed",
      "type": "aws_iam_group_membership",
      "name": "team-dev",
      "provider": "provider.aws",
      "instances": [
        {
          "schema_version": 0,
          "attributes": {
            "group": "dev-aisec",
            "id": "team-dev",
            "name": "team-dev",
            "users": [
              "dev1",
              "dev2",
              "dev3"
            ]
          },
          "private": "bnVsbA=="
        }
      ]
    },
    {
      "mode": "managed",
      "type": "aws_iam_user",
      "name": "dev",
      "each": "list",
      "provider": "provider.aws",
      "instances": [
        {
          "index_key": 0,
          "schema_version": 0,
          "attributes": {
            "arn": "arn:aws:iam::779464359308:user/dev1",
            "force_destroy": false,
            "id": "dev1",
            "name": "dev1",
            "path": "/",
            "permissions_boundary": null,
            "tags": {},
            "unique_id": "AIDA3K65SHWGEHNQXY7SO"
          },
          "private": "bnVsbA=="
        },
        {
          "index_key": 1,
          "schema_version": 0,
          "attributes": {
            "arn": "arn:aws:iam::779464359308:user/dev2",
            "force_destroy": false,
            "id": "dev2",
            "name": "dev2",
            "path": "/",
            "permissions_boundary": null,
            "tags": {},
            "unique_id": "AIDA3K65SHWGLGSEXHNXO"
          },
          "private": "bnVsbA=="
        },
        {
          "index_key": 2,
          "schema_version": 0,
          "attributes": {
            "arn": "arn:aws:iam::779464359308:user/dev3",
            "force_destroy": false,
            "id": "dev3",
            "name": "dev3",
            "path": "/",
            "permissions_boundary": null,
            "tags": {},
            "unique_id": "AIDA3K65SHWGGIJP7RBAY"
          },
          "private": "bnVsbA=="
        }
      ]
    },
    {
      "mode": "managed",
      "type": "aws_iam_user",
      "name": "infra",
      "each": "list",
      "provider": "provider.aws",
      "instances": [
        {
          "index_key": 0,
          "schema_version": 0,
          "attributes": {
            "arn": "arn:aws:iam::779464359308:user/infra1",
            "force_destroy": false,
            "id": "infra1",
            "name": "infra1",
            "path": "/",
            "permissions_boundary": null,
            "tags": {},
            "unique_id": "AIDA3K65SHWGGD6FSRV4A"
          },
          "private": "bnVsbA=="
        },
        {
          "index_key": 1,
          "schema_version": 0,
          "attributes": {
            "arn": "arn:aws:iam::779464359308:user/infra2",
            "force_destroy": false,
            "id": "infra2",
            "name": "infra2",
            "path": "/",
            "permissions_boundary": null,
            "tags": {},
            "unique_id": "AIDA3K65SHWGDFCBTHZF3"
          },
          "private": "bnVsbA=="
        },
        {
          "index_key": 2,
          "schema_version": 0,
          "attributes": {
            "arn": "arn:aws:iam::779464359308:user/infra3",
            "force_destroy": false,
            "id": "infra3",
            "name": "infra3",
            "path": "/",
            "permissions_boundary": null,
            "tags": {},
            "unique_id": "AIDA3K65SHWGKRDNDPWYN"
          },
          "private": "bnVsbA=="
        }
      ]
    },
    {
      "mode": "managed",
      "type": "aws_iam_user",
      "name": "test",
      "each": "list",
      "provider": "provider.aws",
      "instances": [
        {
          "index_key": 0,
          "schema_version": 0,
          "attributes": {
            "arn": "arn:aws:iam::779464359308:user/test1",
            "force_destroy": false,
            "id": "test1",
            "name": "test1",
            "path": "/",
            "permissions_boundary": null,
            "tags": {},
            "unique_id": "AIDA3K65SHWGLMLDX4TAM"
          },
          "private": "bnVsbA=="
        },
        {
          "index_key": 1,
          "schema_version": 0,
          "attributes": {
            "arn": "arn:aws:iam::779464359308:user/test2",
            "force_destroy": false,
            "id": "test2",
            "name": "test2",
            "path": "/",
            "permissions_boundary": null,
            "tags": {},
            "unique_id": "AIDA3K65SHWGPT76MHKBM"
          },
          "private": "bnVsbA=="
        },
        {
          "index_key": 2,
          "schema_version": 0,
          "attributes": {
            "arn": "arn:aws:iam::779464359308:user/test3",
            "force_destroy": false,
            "id": "test3",
            "name": "test3",
            "path": "/",
            "permissions_boundary": null,
            "tags": {},
            "unique_id": "AIDA3K65SHWGP6VUXBINY"
          },
          "private": "bnVsbA=="
        }
      ]
    }
  ]
}
